
Microsoft Visual Studio Solution File, Format Version 12.00
# Visual Studio Version 17
VisualStudioVersion = 17.7.34202.233
MinimumVisualStudioVersion = 10.0.40219.1
Project("{FAE04EC0-301F-11D3-BF4B-00C04F79EFBC}") = "KafkaInAction.AlertProducer", "KafkaInAction.AlertProducer\KafkaInAction.AlertProducer.csproj", "{B9C51B4F-4CDF-4D5D-8D2B-9965598C93A9}"
EndProject
Project("{FAE04EC0-301F-11D3-BF4B-00C04F79EFBC}") = "KafkaInAction.AlertConsumer", "KafkaInAction.AlertConsumer\KafkaInAction.AlertConsumer.csproj", "{5F157821-3637-48A2-A9E4-7F53737EDFEE}"
EndProject
Global
	GlobalSection(SolutionConfigurationPlatforms) = preSolution
		Debug|Any CPU = Debug|Any CPU
		Release|Any CPU = Release|Any CPU
	EndGlobalSection
	GlobalSection(ProjectConfigurationPlatforms) = postSolution
		{B9C51B4F-4CDF-4D5D-8D2B-9965598C93A9}.Debug|Any CPU.ActiveCfg = Debug|Any CPU
		{B9C51B4F-4CDF-4D5D-8D2B-9965598C93A9}.Debug|Any CPU.Build.0 = Debug|Any CPU
		{B9C51B4F-4CDF-4D5D-8D2B-9965598C93A9}.Release|Any CPU.ActiveCfg = Release|Any CPU
		{B9C51B4F-4CDF-4D5D-8D2B-9965598C93A9}.Release|Any CPU.Build.0 = Release|Any CPU
		{5F157821-3637-48A2-A9E4-7F53737EDFEE}.Debug|Any CPU.ActiveCfg = Debug|Any CPU
		{5F157821-3637-48A2-A9E4-7F53737EDFEE}.Debug|Any CPU.Build.0 = Debug|Any CPU
		{5F157821-3637-48A2-A9E4-7F53737EDFEE}.Release|Any CPU.ActiveCfg = Release|Any CPU
		{5F157821-3637-48A2-A9E4-7F53737EDFEE}.Release|Any CPU.Build.0 = Release|Any CPU
	EndGlobalSection
	GlobalSection(SolutionProperties) = preSolution
		HideSolutionNode = FALSE
	EndGlobalSection
	GlobalSection(ExtensibilityGlobals) = postSolution
		SolutionGuid = {59B43897-5BAD-4FD1-8383-0141A328606F}
	EndGlobalSection
EndGlobal
